
Microsoft Visual Studio Solution File, Format Version 12.00
# Visual Studio Version 17
VisualStudioVersion = 17.2.32616.157
MinimumVisualStudioVersion = 10.0.40219.1
Project("{2150E333-8FDC-42A3-9474-1A3956D46DE8}") = "Solution Items", "Solution Items", "{82DCB0A4-220F-4BC1-8C95-94572B895538}"
	ProjectSection(SolutionItems) = preProject
		ReadMe\00_Esquema_BDD.PNG = ReadMe\00_Esquema_BDD.PNG
		ReadMe\01_Intro_Consola_Esquema_BDD.PNG = ReadMe\01_Intro_Consola_Esquema_BDD.PNG
		ReadMe\01_Intro_MVC_Esquema_BDD.PNG = ReadMe\01_Intro_MVC_Esquema_BDD.PNG
		ReadMe\02_Modelado_BDD.PNG = ReadMe\02_Modelado_BDD.PNG
		ReadMe\09_Tablas_Temporales_Esquema.PNG = ReadMe\09_Tablas_Temporales_Esquema.PNG
		ReadMe\09_Tablas_Temporales_Esquema2.PNG = ReadMe\09_Tablas_Temporales_Esquema2.PNG
		ReadMe\09_Tablas_Temporales_Esquema3.PNG = ReadMe\09_Tablas_Temporales_Esquema3.PNG
		ReadMe\README.md = ReadMe\README.md
	EndProjectSection
EndProject
Project("{2150E333-8FDC-42A3-9474-1A3956D46DE8}") = "01_Intro", "01_Intro", "{36923E13-461C-446B-B0BA-F09DA8E8337B}"
EndProject
Project("{9A19103F-16F7-4668-BE54-9A1E7A4F7556}") = "DemoConsola", "Projects\01_DemoConsola\DemoConsola.csproj", "{6D0F4D04-BAC6-4805-8782-8CD2256DC6A0}"
EndProject
Project("{9A19103F-16F7-4668-BE54-9A1E7A4F7556}") = "DemoMVC", "Projects\01_DemoMVC\DemoMVC.csproj", "{E73D7EDA-D7F3-46C3-B6E3-6367F815ED03}"
EndProject
Project("{2150E333-8FDC-42A3-9474-1A3956D46DE8}") = "02_Modelado_Bdd", "02_Modelado_Bdd", "{97B97545-14B5-4A3A-ABC8-8EA2FF335BB3}"
EndProject
Project("{9A19103F-16F7-4668-BE54-9A1E7A4F7556}") = "ModeladoBdd", "Projects\02_ModeladoBdd\ModeladoBdd.csproj", "{823FFA9F-BCFD-4EDA-AEA6-3A36E8646373}"
EndProject
Project("{2150E333-8FDC-42A3-9474-1A3956D46DE8}") = "03_Consultando_Datos", "03_Consultando_Datos", "{0841FF24-8679-465A-883C-3F4398BD5E91}"
EndProject
Project("{9A19103F-16F7-4668-BE54-9A1E7A4F7556}") = "ConsultaDatos", "Projects\03_ConsultandoDatos\ConsultaDatos.csproj", "{7572DDFE-51B0-4FF2-BDD1-9C8AC8F5538F}"
EndProject
Project("{2150E333-8FDC-42A3-9474-1A3956D46DE8}") = "04_Crear_Actualizar_Borrar", "04_Crear_Actualizar_Borrar", "{5FDC364C-1ED6-4F4F-8A8D-D87F6D5F9949}"
EndProject
Project("{9A19103F-16F7-4668-BE54-9A1E7A4F7556}") = "CRUD", "Projects\04_CrearActualizarBorrar\EFCorePeliculas\CRUD.csproj", "{BCEDA437-AD44-40EB-9668-BA5A04F0F1BD}"
EndProject
Project("{2150E333-8FDC-42A3-9474-1A3956D46DE8}") = "05_Configurando_Propiedades", "05_Configurando_Propiedades", "{9E8F6A5E-4569-40CA-BB7C-785F516B3E8B}"
EndProject
Project("{9A19103F-16F7-4668-BE54-9A1E7A4F7556}") = "EFPropiedades", "Projects\05_Configurando_Propiedades\EFCorePeliculas\EFPropiedades.csproj", "{8C6A7555-BF20-44E8-8F20-184C5BE832BB}"
EndProject
Project("{2150E333-8FDC-42A3-9474-1A3956D46DE8}") = "06_Configurando_Relaciones", "06_Configurando_Relaciones", "{5D9E0EC1-6A09-4309-AE81-9F91B9B76BA5}"
EndProject
Project("{9A19103F-16F7-4668-BE54-9A1E7A4F7556}") = "EFCorePeliculas", "Projects\06_Configurando_Relaciones\EFCorePeliculas\EFCorePeliculas.csproj", "{CCF8F3CD-EB2F-458C-B43D-8172B0DC0333}"
EndProject
Project("{2150E333-8FDC-42A3-9474-1A3956D46DE8}") = "07_Comandos_Y_Migraciones", "07_Comandos_Y_Migraciones", "{23BB7564-20DA-468C-8299-E0E3153439F3}"
EndProject
Project("{9A19103F-16F7-4668-BE54-9A1E7A4F7556}") = "EFComandos", "Projects\07_Comandos_Y_Migraciones\EFCorePeliculas\EFComandos.csproj", "{471D2436-6B99-404B-B211-5FCCD61E33F6}"
EndProject
Project("{9A19103F-16F7-4668-BE54-9A1E7A4F7556}") = "PruebaBDPrimero", "Projects\07_Comandos_Y_Migraciones\PruebaBDPrimero\PruebaBDPrimero.csproj", "{26D7FDB5-7D98-4FE3-8885-92733B7B4B27}"
EndProject
Project("{2150E333-8FDC-42A3-9474-1A3956D46DE8}") = "08_DbContext", "08_DbContext", "{5E3FA833-4CED-4693-A029-80B0A9BE0886}"
EndProject
Project("{9A19103F-16F7-4668-BE54-9A1E7A4F7556}") = "EFDbContext", "Projects\08_DbContext\EFCorePeliculas\EFDbContext.csproj", "{34AD6623-2D14-4FEC-AC92-4F24EAF58345}"
EndProject
Project("{2150E333-8FDC-42A3-9474-1A3956D46DE8}") = "09_EF_Avanzado", "09_EF_Avanzado", "{8BE86E7A-8F1F-4727-A01C-112CFC5F0BD7}"
EndProject
Project("{9A19103F-16F7-4668-BE54-9A1E7A4F7556}") = "EFAvanzado", "Projects\09_EF_Avanzado\EFCorePeliculas\EFAvanzado.csproj", "{E1A43080-6E0D-4286-837D-ABB88B338B29}"
EndProject
Project("{2150E333-8FDC-42A3-9474-1A3956D46DE8}") = "10_Pruebas_Automaticas", "10_Pruebas_Automaticas", "{FF8727EA-8782-4AA7-BE9A-BA2F218E9A88}"
EndProject
Project("{9A19103F-16F7-4668-BE54-9A1E7A4F7556}") = "EFMain", "Projects\10_Pruebas_Automaticas\EFCorePeliculas\EFMain.csproj", "{63F2E2D0-589A-468A-BB9A-835D4C5685B9}"
EndProject
Project("{9A19103F-16F7-4668-BE54-9A1E7A4F7556}") = "EFMain.Pruebas", "Projects\10_Pruebas_Automaticas\EFCorePeliculas.Pruebas\EFMain.Pruebas.csproj", "{B2CA8304-C9BE-4E89-AB7F-C861F3B268CC}"
EndProject
Project("{2150E333-8FDC-42A3-9474-1A3956D46DE8}") = "11_EF_Y_ASP", "11_EF_Y_ASP", "{C20A244B-580F-4EEC-843F-7A028FA4F877}"
EndProject
Project("{9A19103F-16F7-4668-BE54-9A1E7A4F7556}") = "EFCorePeliculas", "Projects\11_EF_Y_ASP\EFCorePeliculas\EFCorePeliculas.csproj", "{48F028F8-4171-42F1-8406-C998A6F76E14}"
EndProject
Project("{9A19103F-16F7-4668-BE54-9A1E7A4F7556}") = "EFCorePeliculas.Pruebas", "Projects\11_EF_Y_ASP\EFCorePeliculas.Pruebas\EFCorePeliculas.Pruebas.csproj", "{28B8876D-0516-4364-848E-A963360DF1E9}"
EndProject
Global
	GlobalSection(SolutionConfigurationPlatforms) = preSolution
		Debug|Any CPU = Debug|Any CPU
		Release|Any CPU = Release|Any CPU
	EndGlobalSection
	GlobalSection(ProjectConfigurationPlatforms) = postSolution
		{6D0F4D04-BAC6-4805-8782-8CD2256DC6A0}.Debug|Any CPU.ActiveCfg = Debug|Any CPU
		{6D0F4D04-BAC6-4805-8782-8CD2256DC6A0}.Debug|Any CPU.Build.0 = Debug|Any CPU
		{6D0F4D04-BAC6-4805-8782-8CD2256DC6A0}.Release|Any CPU.ActiveCfg = Release|Any CPU
		{6D0F4D04-BAC6-4805-8782-8CD2256DC6A0}.Release|Any CPU.Build.0 = Release|Any CPU
		{E73D7EDA-D7F3-46C3-B6E3-6367F815ED03}.Debug|Any CPU.ActiveCfg = Debug|Any CPU
		{E73D7EDA-D7F3-46C3-B6E3-6367F815ED03}.Debug|Any CPU.Build.0 = Debug|Any CPU
		{E73D7EDA-D7F3-46C3-B6E3-6367F815ED03}.Release|Any CPU.ActiveCfg = Release|Any CPU
		{E73D7EDA-D7F3-46C3-B6E3-6367F815ED03}.Release|Any CPU.Build.0 = Release|Any CPU
		{823FFA9F-BCFD-4EDA-AEA6-3A36E8646373}.Debug|Any CPU.ActiveCfg = Debug|Any CPU
		{823FFA9F-BCFD-4EDA-AEA6-3A36E8646373}.Debug|Any CPU.Build.0 = Debug|Any CPU
		{823FFA9F-BCFD-4EDA-AEA6-3A36E8646373}.Release|Any CPU.ActiveCfg = Release|Any CPU
		{823FFA9F-BCFD-4EDA-AEA6-3A36E8646373}.Release|Any CPU.Build.0 = Release|Any CPU
		{7572DDFE-51B0-4FF2-BDD1-9C8AC8F5538F}.Debug|Any CPU.ActiveCfg = Debug|Any CPU
		{7572DDFE-51B0-4FF2-BDD1-9C8AC8F5538F}.Debug|Any CPU.Build.0 = Debug|Any CPU
		{7572DDFE-51B0-4FF2-BDD1-9C8AC8F5538F}.Release|Any CPU.ActiveCfg = Release|Any CPU
		{7572DDFE-51B0-4FF2-BDD1-9C8AC8F5538F}.Release|Any CPU.Build.0 = Release|Any CPU
		{BCEDA437-AD44-40EB-9668-BA5A04F0F1BD}.Debug|Any CPU.ActiveCfg = Debug|Any CPU
		{BCEDA437-AD44-40EB-9668-BA5A04F0F1BD}.Debug|Any CPU.Build.0 = Debug|Any CPU
		{BCEDA437-AD44-40EB-9668-BA5A04F0F1BD}.Release|Any CPU.ActiveCfg = Release|Any CPU
		{BCEDA437-AD44-40EB-9668-BA5A04F0F1BD}.Release|Any CPU.Build.0 = Release|Any CPU
		{8C6A7555-BF20-44E8-8F20-184C5BE832BB}.Debug|Any CPU.ActiveCfg = Debug|Any CPU
		{8C6A7555-BF20-44E8-8F20-184C5BE832BB}.Debug|Any CPU.Build.0 = Debug|Any CPU
		{8C6A7555-BF20-44E8-8F20-184C5BE832BB}.Release|Any CPU.ActiveCfg = Release|Any CPU
		{8C6A7555-BF20-44E8-8F20-184C5BE832BB}.Release|Any CPU.Build.0 = Release|Any CPU
		{CCF8F3CD-EB2F-458C-B43D-8172B0DC0333}.Debug|Any CPU.ActiveCfg = Debug|Any CPU
		{CCF8F3CD-EB2F-458C-B43D-8172B0DC0333}.Debug|Any CPU.Build.0 = Debug|Any CPU
		{CCF8F3CD-EB2F-458C-B43D-8172B0DC0333}.Release|Any CPU.ActiveCfg = Release|Any CPU
		{CCF8F3CD-EB2F-458C-B43D-8172B0DC0333}.Release|Any CPU.Build.0 = Release|Any CPU
		{471D2436-6B99-404B-B211-5FCCD61E33F6}.Debug|Any CPU.ActiveCfg = Debug|Any CPU
		{471D2436-6B99-404B-B211-5FCCD61E33F6}.Debug|Any CPU.Build.0 = Debug|Any CPU
		{471D2436-6B99-404B-B211-5FCCD61E33F6}.Release|Any CPU.ActiveCfg = Release|Any CPU
		{471D2436-6B99-404B-B211-5FCCD61E33F6}.Release|Any CPU.Build.0 = Release|Any CPU
		{26D7FDB5-7D98-4FE3-8885-92733B7B4B27}.Debug|Any CPU.ActiveCfg = Debug|Any CPU
		{26D7FDB5-7D98-4FE3-8885-92733B7B4B27}.Debug|Any CPU.Build.0 = Debug|Any CPU
		{26D7FDB5-7D98-4FE3-8885-92733B7B4B27}.Release|Any CPU.ActiveCfg = Release|Any CPU
		{26D7FDB5-7D98-4FE3-8885-92733B7B4B27}.Release|Any CPU.Build.0 = Release|Any CPU
		{34AD6623-2D14-4FEC-AC92-4F24EAF58345}.Debug|Any CPU.ActiveCfg = Debug|Any CPU
		{34AD6623-2D14-4FEC-AC92-4F24EAF58345}.Debug|Any CPU.Build.0 = Debug|Any CPU
		{34AD6623-2D14-4FEC-AC92-4F24EAF58345}.Release|Any CPU.ActiveCfg = Release|Any CPU
		{34AD6623-2D14-4FEC-AC92-4F24EAF58345}.Release|Any CPU.Build.0 = Release|Any CPU
		{E1A43080-6E0D-4286-837D-ABB88B338B29}.Debug|Any CPU.ActiveCfg = Debug|Any CPU
		{E1A43080-6E0D-4286-837D-ABB88B338B29}.Debug|Any CPU.Build.0 = Debug|Any CPU
		{E1A43080-6E0D-4286-837D-ABB88B338B29}.Release|Any CPU.ActiveCfg = Release|Any CPU
		{E1A43080-6E0D-4286-837D-ABB88B338B29}.Release|Any CPU.Build.0 = Release|Any CPU
		{63F2E2D0-589A-468A-BB9A-835D4C5685B9}.Debug|Any CPU.ActiveCfg = Debug|Any CPU
		{63F2E2D0-589A-468A-BB9A-835D4C5685B9}.Debug|Any CPU.Build.0 = Debug|Any CPU
		{63F2E2D0-589A-468A-BB9A-835D4C5685B9}.Release|Any CPU.ActiveCfg = Release|Any CPU
		{63F2E2D0-589A-468A-BB9A-835D4C5685B9}.Release|Any CPU.Build.0 = Release|Any CPU
		{B2CA8304-C9BE-4E89-AB7F-C861F3B268CC}.Debug|Any CPU.ActiveCfg = Debug|Any CPU
		{B2CA8304-C9BE-4E89-AB7F-C861F3B268CC}.Debug|Any CPU.Build.0 = Debug|Any CPU
		{B2CA8304-C9BE-4E89-AB7F-C861F3B268CC}.Release|Any CPU.ActiveCfg = Release|Any CPU
		{B2CA8304-C9BE-4E89-AB7F-C861F3B268CC}.Release|Any CPU.Build.0 = Release|Any CPU
		{48F028F8-4171-42F1-8406-C998A6F76E14}.Debug|Any CPU.ActiveCfg = Debug|Any CPU
		{48F028F8-4171-42F1-8406-C998A6F76E14}.Debug|Any CPU.Build.0 = Debug|Any CPU
		{48F028F8-4171-42F1-8406-C998A6F76E14}.Release|Any CPU.ActiveCfg = Release|Any CPU
		{48F028F8-4171-42F1-8406-C998A6F76E14}.Release|Any CPU.Build.0 = Release|Any CPU
		{28B8876D-0516-4364-848E-A963360DF1E9}.Debug|Any CPU.ActiveCfg = Debug|Any CPU
		{28B8876D-0516-4364-848E-A963360DF1E9}.Debug|Any CPU.Build.0 = Debug|Any CPU
		{28B8876D-0516-4364-848E-A963360DF1E9}.Release|Any CPU.ActiveCfg = Release|Any CPU
		{28B8876D-0516-4364-848E-A963360DF1E9}.Release|Any CPU.Build.0 = Release|Any CPU
	EndGlobalSection
	GlobalSection(SolutionProperties) = preSolution
		HideSolutionNode = FALSE
	EndGlobalSection
	GlobalSection(NestedProjects) = preSolution
		{6D0F4D04-BAC6-4805-8782-8CD2256DC6A0} = {36923E13-461C-446B-B0BA-F09DA8E8337B}
		{E73D7EDA-D7F3-46C3-B6E3-6367F815ED03} = {36923E13-461C-446B-B0BA-F09DA8E8337B}
		{823FFA9F-BCFD-4EDA-AEA6-3A36E8646373} = {97B97545-14B5-4A3A-ABC8-8EA2FF335BB3}
		{7572DDFE-51B0-4FF2-BDD1-9C8AC8F5538F} = {0841FF24-8679-465A-883C-3F4398BD5E91}
		{BCEDA437-AD44-40EB-9668-BA5A04F0F1BD} = {5FDC364C-1ED6-4F4F-8A8D-D87F6D5F9949}
		{8C6A7555-BF20-44E8-8F20-184C5BE832BB} = {9E8F6A5E-4569-40CA-BB7C-785F516B3E8B}
		{CCF8F3CD-EB2F-458C-B43D-8172B0DC0333} = {5D9E0EC1-6A09-4309-AE81-9F91B9B76BA5}
		{471D2436-6B99-404B-B211-5FCCD61E33F6} = {23BB7564-20DA-468C-8299-E0E3153439F3}
		{26D7FDB5-7D98-4FE3-8885-92733B7B4B27} = {23BB7564-20DA-468C-8299-E0E3153439F3}
		{34AD6623-2D14-4FEC-AC92-4F24EAF58345} = {5E3FA833-4CED-4693-A029-80B0A9BE0886}
		{E1A43080-6E0D-4286-837D-ABB88B338B29} = {8BE86E7A-8F1F-4727-A01C-112CFC5F0BD7}
		{63F2E2D0-589A-468A-BB9A-835D4C5685B9} = {FF8727EA-8782-4AA7-BE9A-BA2F218E9A88}
		{B2CA8304-C9BE-4E89-AB7F-C861F3B268CC} = {FF8727EA-8782-4AA7-BE9A-BA2F218E9A88}
		{48F028F8-4171-42F1-8406-C998A6F76E14} = {C20A244B-580F-4EEC-843F-7A028FA4F877}
		{28B8876D-0516-4364-848E-A963360DF1E9} = {C20A244B-580F-4EEC-843F-7A028FA4F877}
	EndGlobalSection
	GlobalSection(ExtensibilityGlobals) = postSolution
		SolutionGuid = {D9133A34-854D-4750-9C4E-D756166DFA2B}
	EndGlobalSection
EndGlobal
